
Microsoft Visual Studio Solution File, Format Version 12.00
# Visual Studio 15
VisualStudioVersion = 15.0.28307.705
MinimumVisualStudioVersion = 10.0.40219.1
Project("{FAE04EC0-301F-11D3-BF4B-00C04F79EFBC}") = "HospitalManagementSystemMVCApp", "HospitalManagementSystemMVCApp\HospitalManagementSystemMVCApp.csproj", "{F7CDF0E7-2F3D-442B-9E8B-99A27258F002}"
EndProject
Global
	GlobalSection(SolutionConfigurationPlatforms) = preSolution
		Debug|Any CPU = Debug|Any CPU
		Release|Any CPU = Release|Any CPU
	EndGlobalSection
	GlobalSection(ProjectConfigurationPlatforms) = postSolution
		{F7CDF0E7-2F3D-442B-9E8B-99A27258F002}.Debug|Any CPU.ActiveCfg = Debug|Any CPU
		{F7CDF0E7-2F3D-442B-9E8B-99A27258F002}.Debug|Any CPU.Build.0 = Debug|Any CPU
		{F7CDF0E7-2F3D-442B-9E8B-99A27258F002}.Release|Any CPU.ActiveCfg = Release|Any CPU
		{F7CDF0E7-2F3D-442B-9E8B-99A27258F002}.Release|Any CPU.Build.0 = Release|Any CPU
	EndGlobalSection
	GlobalSection(SolutionProperties) = preSolution
		HideSolutionNode = FALSE
	EndGlobalSection
	GlobalSection(ExtensibilityGlobals) = postSolution
		SolutionGuid = {2A5D9898-9E05-436F-B29F-3968CE185EB6}
	EndGlobalSection
EndGlobal
