
Microsoft Visual Studio Solution File, Format Version 12.00
# Visual Studio 15
VisualStudioVersion = 15.0.28307.705
MinimumVisualStudioVersion = 10.0.40219.1
Project("{FAE04EC0-301F-11D3-BF4B-00C04F79EFBC}") = "HospitalManagementSystemWPF", "HospitalManagementSystemWPF\HospitalManagementSystemWPF.csproj", "{CEF72844-67D1-4F7B-AC8B-25B4FEFC0E55}"
EndProject
Project("{FAE04EC0-301F-11D3-BF4B-00C04F79EFBC}") = "HospitalBusinessLayer", "HospitalBusinessLayer\HospitalBusinessLayer.csproj", "{95EC64F2-7EFC-4E10-B7AE-1B58D27CC763}"
EndProject
Project("{FAE04EC0-301F-11D3-BF4B-00C04F79EFBC}") = "HospitalEntities", "HospitalEntities\HospitalEntities.csproj", "{E057DA1D-8306-4A2E-B886-E1688DDF1995}"
EndProject
Project("{FAE04EC0-301F-11D3-BF4B-00C04F79EFBC}") = "HospitalDataAccessLayer", "HospitalDataAccessLayer\HospitalDataAccessLayer.csproj", "{C7449910-DAB4-487C-86F7-3E77E2291B71}"
EndProject
Project("{FAE04EC0-301F-11D3-BF4B-00C04F79EFBC}") = "HospitalExceptions", "HospitalExceptions\HospitalExceptions.csproj", "{AFC391EB-ED15-4651-A170-6B9B8273F748}"
EndProject
Global
	GlobalSection(SolutionConfigurationPlatforms) = preSolution
		Debug|Any CPU = Debug|Any CPU
		Release|Any CPU = Release|Any CPU
	EndGlobalSection
	GlobalSection(ProjectConfigurationPlatforms) = postSolution
		{CEF72844-67D1-4F7B-AC8B-25B4FEFC0E55}.Debug|Any CPU.ActiveCfg = Debug|Any CPU
		{CEF72844-67D1-4F7B-AC8B-25B4FEFC0E55}.Debug|Any CPU.Build.0 = Debug|Any CPU
		{CEF72844-67D1-4F7B-AC8B-25B4FEFC0E55}.Release|Any CPU.ActiveCfg = Release|Any CPU
		{CEF72844-67D1-4F7B-AC8B-25B4FEFC0E55}.Release|Any CPU.Build.0 = Release|Any CPU
		{95EC64F2-7EFC-4E10-B7AE-1B58D27CC763}.Debug|Any CPU.ActiveCfg = Debug|Any CPU
		{95EC64F2-7EFC-4E10-B7AE-1B58D27CC763}.Debug|Any CPU.Build.0 = Debug|Any CPU
		{95EC64F2-7EFC-4E10-B7AE-1B58D27CC763}.Release|Any CPU.ActiveCfg = Release|Any CPU
		{95EC64F2-7EFC-4E10-B7AE-1B58D27CC763}.Release|Any CPU.Build.0 = Release|Any CPU
		{E057DA1D-8306-4A2E-B886-E1688DDF1995}.Debug|Any CPU.ActiveCfg = Debug|Any CPU
		{E057DA1D-8306-4A2E-B886-E1688DDF1995}.Debug|Any CPU.Build.0 = Debug|Any CPU
		{E057DA1D-8306-4A2E-B886-E1688DDF1995}.Release|Any CPU.ActiveCfg = Release|Any CPU
		{E057DA1D-8306-4A2E-B886-E1688DDF1995}.Release|Any CPU.Build.0 = Release|Any CPU
		{C7449910-DAB4-487C-86F7-3E77E2291B71}.Debug|Any CPU.ActiveCfg = Debug|Any CPU
		{C7449910-DAB4-487C-86F7-3E77E2291B71}.Debug|Any CPU.Build.0 = Debug|Any CPU
		{C7449910-DAB4-487C-86F7-3E77E2291B71}.Release|Any CPU.ActiveCfg = Release|Any CPU
		{C7449910-DAB4-487C-86F7-3E77E2291B71}.Release|Any CPU.Build.0 = Release|Any CPU
		{AFC391EB-ED15-4651-A170-6B9B8273F748}.Debug|Any CPU.ActiveCfg = Debug|Any CPU
		{AFC391EB-ED15-4651-A170-6B9B8273F748}.Debug|Any CPU.Build.0 = Debug|Any CPU
		{AFC391EB-ED15-4651-A170-6B9B8273F748}.Release|Any CPU.ActiveCfg = Release|Any CPU
		{AFC391EB-ED15-4651-A170-6B9B8273F748}.Release|Any CPU.Build.0 = Release|Any CPU
	EndGlobalSection
	GlobalSection(SolutionProperties) = preSolution
		HideSolutionNode = FALSE
	EndGlobalSection
	GlobalSection(ExtensibilityGlobals) = postSolution
		SolutionGuid = {CF256205-615A-4748-B24A-28F09A45ABA5}
	EndGlobalSection
EndGlobal
